
Microsoft Visual Studio Solution File, Format Version 12.00
# Visual Studio Version 16
VisualStudioVersion = 16.0.30804.86
MinimumVisualStudioVersion = 10.0.40219.1
Project("{FAE04EC0-301F-11D3-BF4B-00C04F79EFBC}") = "SudokuWPF_CSHARP", "SudokuWPF_CSHARP.csproj", "{B6A97187-068B-488C-9CA3-390AAF53C145}"
EndProject
Global
	GlobalSection(SolutionConfigurationPlatforms) = preSolution
		Debug|Any CPU = Debug|Any CPU
		Release|Any CPU = Release|Any CPU
	EndGlobalSection
	GlobalSection(ProjectConfigurationPlatforms) = postSolution
		{B6A97187-068B-488C-9CA3-390AAF53C145}.Debug|Any CPU.ActiveCfg = Debug|Any CPU
		{B6A97187-068B-488C-9CA3-390AAF53C145}.Debug|Any CPU.Build.0 = Debug|Any CPU
		{B6A97187-068B-488C-9CA3-390AAF53C145}.Release|Any CPU.ActiveCfg = Release|Any CPU
		{B6A97187-068B-488C-9CA3-390AAF53C145}.Release|Any CPU.Build.0 = Release|Any CPU
	EndGlobalSection
	GlobalSection(SolutionProperties) = preSolution
		HideSolutionNode = FALSE
	EndGlobalSection
	GlobalSection(ExtensibilityGlobals) = postSolution
		SolutionGuid = {40E0D4CD-6BD2-4741-9B1D-F6F62A8B6557}
	EndGlobalSection
EndGlobal
